// !$*UTF8*$!
{
	archiveVersion = 1;
	classes = {
	};
	objectVersion = 51;
	objects = {

/* Begin PBXBuildFile section */
		2817F1FDE4E38A2B3E2ABDBF /* Pods_iOSChallenge.framework in Frameworks */ = {isa = PBXBuildFile; fileRef = AC409C8972F2AC23FB0FE46D /* Pods_iOSChallenge.framework */; };
		390D5D6D67E4EEF9974D45EF /* Pods_iOSChallenge_iOSChallengeUITests.framework in Frameworks */ = {isa = PBXBuildFile; fileRef = 922FA5D4320E2F14890856FC /* Pods_iOSChallenge_iOSChallengeUITests.framework */; };
		5296B76AB510D7394FA22084 /* Pods_iOSChallengeTests.framework in Frameworks */ = {isa = PBXBuildFile; fileRef = 5A43033A2B689E74A6D6F35F /* Pods_iOSChallengeTests.framework */; };
		A00E9C872556369600E2674C /* AppDelegate.swift in Sources */ = {isa = PBXBuildFile; fileRef = A00E9C862556369600E2674C /* AppDelegate.swift */; };
		A00E9C892556369600E2674C /* SceneDelegate.swift in Sources */ = {isa = PBXBuildFile; fileRef = A00E9C882556369600E2674C /* SceneDelegate.swift */; };
		A00E9C932556369800E2674C /* Assets.xcassets in Resources */ = {isa = PBXBuildFile; fileRef = A00E9C922556369800E2674C /* Assets.xcassets */; };
		A00E9C962556369800E2674C /* LaunchScreen.storyboard in Resources */ = {isa = PBXBuildFile; fileRef = A00E9C942556369800E2674C /* LaunchScreen.storyboard */; };
		A00E9CA12556369900E2674C /* iOSChallengeTests.swift in Sources */ = {isa = PBXBuildFile; fileRef = A00E9CA02556369900E2674C /* iOSChallengeTests.swift */; };
		A00E9CAC2556369900E2674C /* iOSChallengeUITests.swift in Sources */ = {isa = PBXBuildFile; fileRef = A00E9CAB2556369900E2674C /* iOSChallengeUITests.swift */; };
		A00E9CCC2556372700E2674C /* HomeViewController.swift in Sources */ = {isa = PBXBuildFile; fileRef = A00E9CCB2556372700E2674C /* HomeViewController.swift */; };
		A0237385255B773300B161D5 /* UIButtonExtension.swift in Sources */ = {isa = PBXBuildFile; fileRef = A0237384255B773300B161D5 /* UIButtonExtension.swift */; };
		A0237390255B7CA900B161D5 /* RequestMethod.swift in Sources */ = {isa = PBXBuildFile; fileRef = A023738F255B7CA900B161D5 /* RequestMethod.swift */; };
		A041784A25596D1200D47C97 /* FavoriteButton.swift in Sources */ = {isa = PBXBuildFile; fileRef = A041784925596D1200D47C97 /* FavoriteButton.swift */; };
		A09E86AF2556EE3A0039A4CA /* MoviesAPIURL.swift in Sources */ = {isa = PBXBuildFile; fileRef = A09E86AE2556EE3A0039A4CA /* MoviesAPIURL.swift */; };
		A0C358DB255888CF0084B470 /* DetailViewController.swift in Sources */ = {isa = PBXBuildFile; fileRef = A0C358DA255888CF0084B470 /* DetailViewController.swift */; };
		A0C358E52558A9A10084B470 /* MovieInfosView.swift in Sources */ = {isa = PBXBuildFile; fileRef = A0C358E42558A9A10084B470 /* MovieInfosView.swift */; };
		A0C358EA2558AC2F0084B470 /* UIImageViewExtension.swift in Sources */ = {isa = PBXBuildFile; fileRef = A0C358E92558AC2F0084B470 /* UIImageViewExtension.swift */; };
		A0CB268E2556533C0081FB3B /* HomeMoviesView.swift in Sources */ = {isa = PBXBuildFile; fileRef = A0CB268D2556533C0081FB3B /* HomeMoviesView.swift */; };
		A0CB2693255655A60081FB3B /* MovieTableViewCell.swift in Sources */ = {isa = PBXBuildFile; fileRef = A0CB2692255655A60081FB3B /* MovieTableViewCell.swift */; };
		A0E72F082556405900B9E4D4 /* RequestsManager.swift in Sources */ = {isa = PBXBuildFile; fileRef = A0E72F072556405900B9E4D4 /* RequestsManager.swift */; };
		A0E72F0D255640D100B9E4D4 /* HomeViewModel.swift in Sources */ = {isa = PBXBuildFile; fileRef = A0E72F0C255640D100B9E4D4 /* HomeViewModel.swift */; };
		A0E72F12255646E800B9E4D4 /* FetchMoviesResponse.swift in Sources */ = {isa = PBXBuildFile; fileRef = A0E72F11255646E800B9E4D4 /* FetchMoviesResponse.swift */; };
		A0E72F1A2556471C00B9E4D4 /* Movie.swift in Sources */ = {isa = PBXBuildFile; fileRef = A0E72F192556471C00B9E4D4 /* Movie.swift */; };
		A0ECDFA2255A3CE000993ADD /* CoreDataManager.swift in Sources */ = {isa = PBXBuildFile; fileRef = A0ECDFA1255A3CE000993ADD /* CoreDataManager.swift */; };
		A0ECDFB6255A44D900993ADD /* DetailViewModel.swift in Sources */ = {isa = PBXBuildFile; fileRef = A0ECDFB5255A44D900993ADD /* DetailViewModel.swift */; };
		A0ECDFBF255A52D300993ADD /* MovieCoreData.xcdatamodeld in Sources */ = {isa = PBXBuildFile; fileRef = A0ECDFBD255A52D300993ADD /* MovieCoreData.xcdatamodeld */; };
/* End PBXBuildFile section */

/* Begin PBXContainerItemProxy section */
		A00E9C9D2556369900E2674C /* PBXContainerItemProxy */ = {
			isa = PBXContainerItemProxy;
			containerPortal = A00E9C7B2556369600E2674C /* Project object */;
			proxyType = 1;
			remoteGlobalIDString = A00E9C822556369600E2674C;
			remoteInfo = iOSChallenge;
		};
		A00E9CA82556369900E2674C /* PBXContainerItemProxy */ = {
			isa = PBXContainerItemProxy;
			containerPortal = A00E9C7B2556369600E2674C /* Project object */;
			proxyType = 1;
			remoteGlobalIDString = A00E9C822556369600E2674C;
			remoteInfo = iOSChallenge;
		};
/* End PBXContainerItemProxy section */

/* Begin PBXFileReference section */
		022DC3AA8489DE09312669F7 /* Pods-iOSChallenge-iOSChallengeUITests.debug.xcconfig */ = {isa = PBXFileReference; includeInIndex = 1; lastKnownFileType = text.xcconfig; name = "Pods-iOSChallenge-iOSChallengeUITests.debug.xcconfig"; path = "Target Support Files/Pods-iOSChallenge-iOSChallengeUITests/Pods-iOSChallenge-iOSChallengeUITests.debug.xcconfig"; sourceTree = "<group>"; };
		05F8D1818FE97A00FDD21734 /* Pods-iOSChallenge-iOSChallengeUITests.release.xcconfig */ = {isa = PBXFileReference; includeInIndex = 1; lastKnownFileType = text.xcconfig; name = "Pods-iOSChallenge-iOSChallengeUITests.release.xcconfig"; path = "Target Support Files/Pods-iOSChallenge-iOSChallengeUITests/Pods-iOSChallenge-iOSChallengeUITests.release.xcconfig"; sourceTree = "<group>"; };
		0CBAE311670B681EFA129B86 /* Pods-iOSChallengeTests.debug.xcconfig */ = {isa = PBXFileReference; includeInIndex = 1; lastKnownFileType = text.xcconfig; name = "Pods-iOSChallengeTests.debug.xcconfig"; path = "Target Support Files/Pods-iOSChallengeTests/Pods-iOSChallengeTests.debug.xcconfig"; sourceTree = "<group>"; };
		5A43033A2B689E74A6D6F35F /* Pods_iOSChallengeTests.framework */ = {isa = PBXFileReference; explicitFileType = wrapper.framework; includeInIndex = 0; path = Pods_iOSChallengeTests.framework; sourceTree = BUILT_PRODUCTS_DIR; };
		7535959BB372571F4236BBF2 /* Pods-iOSChallenge.debug.xcconfig */ = {isa = PBXFileReference; includeInIndex = 1; lastKnownFileType = text.xcconfig; name = "Pods-iOSChallenge.debug.xcconfig"; path = "Target Support Files/Pods-iOSChallenge/Pods-iOSChallenge.debug.xcconfig"; sourceTree = "<group>"; };
		922FA5D4320E2F14890856FC /* Pods_iOSChallenge_iOSChallengeUITests.framework */ = {isa = PBXFileReference; explicitFileType = wrapper.framework; includeInIndex = 0; path = Pods_iOSChallenge_iOSChallengeUITests.framework; sourceTree = BUILT_PRODUCTS_DIR; };
		A00E9C832556369600E2674C /* iOSChallenge.app */ = {isa = PBXFileReference; explicitFileType = wrapper.application; includeInIndex = 0; path = iOSChallenge.app; sourceTree = BUILT_PRODUCTS_DIR; };
		A00E9C862556369600E2674C /* AppDelegate.swift */ = {isa = PBXFileReference; lastKnownFileType = sourcecode.swift; path = AppDelegate.swift; sourceTree = "<group>"; };
		A00E9C882556369600E2674C /* SceneDelegate.swift */ = {isa = PBXFileReference; lastKnownFileType = sourcecode.swift; path = SceneDelegate.swift; sourceTree = "<group>"; };
		A00E9C922556369800E2674C /* Assets.xcassets */ = {isa = PBXFileReference; lastKnownFileType = folder.assetcatalog; path = Assets.xcassets; sourceTree = "<group>"; };
		A00E9C952556369800E2674C /* Base */ = {isa = PBXFileReference; lastKnownFileType = file.storyboard; name = Base; path = Base.lproj/LaunchScreen.storyboard; sourceTree = "<group>"; };
		A00E9C972556369800E2674C /* Info.plist */ = {isa = PBXFileReference; lastKnownFileType = text.plist.xml; path = Info.plist; sourceTree = "<group>"; };
		A00E9C9C2556369900E2674C /* iOSChallengeTests.xctest */ = {isa = PBXFileReference; explicitFileType = wrapper.cfbundle; includeInIndex = 0; path = iOSChallengeTests.xctest; sourceTree = BUILT_PRODUCTS_DIR; };
		A00E9CA02556369900E2674C /* iOSChallengeTests.swift */ = {isa = PBXFileReference; lastKnownFileType = sourcecode.swift; path = iOSChallengeTests.swift; sourceTree = "<group>"; };
		A00E9CA22556369900E2674C /* Info.plist */ = {isa = PBXFileReference; lastKnownFileType = text.plist.xml; path = Info.plist; sourceTree = "<group>"; };
		A00E9CA72556369900E2674C /* iOSChallengeUITests.xctest */ = {isa = PBXFileReference; explicitFileType = wrapper.cfbundle; includeInIndex = 0; path = iOSChallengeUITests.xctest; sourceTree = BUILT_PRODUCTS_DIR; };
		A00E9CAB2556369900E2674C /* iOSChallengeUITests.swift */ = {isa = PBXFileReference; lastKnownFileType = sourcecode.swift; path = iOSChallengeUITests.swift; sourceTree = "<group>"; };
		A00E9CAD2556369900E2674C /* Info.plist */ = {isa = PBXFileReference; lastKnownFileType = text.plist.xml; path = Info.plist; sourceTree = "<group>"; };
		A00E9CCB2556372700E2674C /* HomeViewController.swift */ = {isa = PBXFileReference; lastKnownFileType = sourcecode.swift; path = HomeViewController.swift; sourceTree = "<group>"; };
		A0237384255B773300B161D5 /* UIButtonExtension.swift */ = {isa = PBXFileReference; lastKnownFileType = sourcecode.swift; path = UIButtonExtension.swift; sourceTree = "<group>"; };
		A023738F255B7CA900B161D5 /* RequestMethod.swift */ = {isa = PBXFileReference; lastKnownFileType = sourcecode.swift; path = RequestMethod.swift; sourceTree = "<group>"; };
		A041784925596D1200D47C97 /* FavoriteButton.swift */ = {isa = PBXFileReference; lastKnownFileType = sourcecode.swift; path = FavoriteButton.swift; sourceTree = "<group>"; };
		A09E86AE2556EE3A0039A4CA /* MoviesAPIURL.swift */ = {isa = PBXFileReference; lastKnownFileType = sourcecode.swift; path = MoviesAPIURL.swift; sourceTree = "<group>"; };
		A0C358DA255888CF0084B470 /* DetailViewController.swift */ = {isa = PBXFileReference; lastKnownFileType = sourcecode.swift; path = DetailViewController.swift; sourceTree = "<group>"; };
		A0C358E42558A9A10084B470 /* MovieInfosView.swift */ = {isa = PBXFileReference; lastKnownFileType = sourcecode.swift; path = MovieInfosView.swift; sourceTree = "<group>"; };
		A0C358E92558AC2F0084B470 /* UIImageViewExtension.swift */ = {isa = PBXFileReference; lastKnownFileType = sourcecode.swift; path = UIImageViewExtension.swift; sourceTree = "<group>"; };
		A0CB268D2556533C0081FB3B /* HomeMoviesView.swift */ = {isa = PBXFileReference; lastKnownFileType = sourcecode.swift; path = HomeMoviesView.swift; sourceTree = "<group>"; };
		A0CB2692255655A60081FB3B /* MovieTableViewCell.swift */ = {isa = PBXFileReference; lastKnownFileType = sourcecode.swift; path = MovieTableViewCell.swift; sourceTree = "<group>"; };
		A0E72F072556405900B9E4D4 /* RequestsManager.swift */ = {isa = PBXFileReference; lastKnownFileType = sourcecode.swift; path = RequestsManager.swift; sourceTree = "<group>"; };
		A0E72F0C255640D100B9E4D4 /* HomeViewModel.swift */ = {isa = PBXFileReference; lastKnownFileType = sourcecode.swift; path = HomeViewModel.swift; sourceTree = "<group>"; };
		A0E72F11255646E800B9E4D4 /* FetchMoviesResponse.swift */ = {isa = PBXFileReference; lastKnownFileType = sourcecode.swift; path = FetchMoviesResponse.swift; sourceTree = "<group>"; };
		A0E72F192556471C00B9E4D4 /* Movie.swift */ = {isa = PBXFileReference; lastKnownFileType = sourcecode.swift; path = Movie.swift; sourceTree = "<group>"; };
		A0ECDFA1255A3CE000993ADD /* CoreDataManager.swift */ = {isa = PBXFileReference; lastKnownFileType = sourcecode.swift; path = CoreDataManager.swift; sourceTree = "<group>"; };
		A0ECDFB5255A44D900993ADD /* DetailViewModel.swift */ = {isa = PBXFileReference; lastKnownFileType = sourcecode.swift; path = DetailViewModel.swift; sourceTree = "<group>"; };
		A0ECDFBE255A52D300993ADD /* MovieCoreData.xcdatamodel */ = {isa = PBXFileReference; lastKnownFileType = wrapper.xcdatamodel; path = MovieCoreData.xcdatamodel; sourceTree = "<group>"; };
		AC409C8972F2AC23FB0FE46D /* Pods_iOSChallenge.framework */ = {isa = PBXFileReference; explicitFileType = wrapper.framework; includeInIndex = 0; path = Pods_iOSChallenge.framework; sourceTree = BUILT_PRODUCTS_DIR; };
		C4D9E22688175DCCBBA196FE /* Pods-iOSChallengeTests.release.xcconfig */ = {isa = PBXFileReference; includeInIndex = 1; lastKnownFileType = text.xcconfig; name = "Pods-iOSChallengeTests.release.xcconfig"; path = "Target Support Files/Pods-iOSChallengeTests/Pods-iOSChallengeTests.release.xcconfig"; sourceTree = "<group>"; };
		D4A17C6BEF198159C1218361 /* Pods-iOSChallenge.release.xcconfig */ = {isa = PBXFileReference; includeInIndex = 1; lastKnownFileType = text.xcconfig; name = "Pods-iOSChallenge.release.xcconfig"; path = "Target Support Files/Pods-iOSChallenge/Pods-iOSChallenge.release.xcconfig"; sourceTree = "<group>"; };
/* End PBXFileReference section */

/* Begin PBXFrameworksBuildPhase section */
		A00E9C802556369600E2674C /* Frameworks */ = {
			isa = PBXFrameworksBuildPhase;
			buildActionMask = 2147483647;
			files = (
				2817F1FDE4E38A2B3E2ABDBF /* Pods_iOSChallenge.framework in Frameworks */,
			);
			runOnlyForDeploymentPostprocessing = 0;
		};
		A00E9C992556369900E2674C /* Frameworks */ = {
			isa = PBXFrameworksBuildPhase;
			buildActionMask = 2147483647;
			files = (
				5296B76AB510D7394FA22084 /* Pods_iOSChallengeTests.framework in Frameworks */,
			);
			runOnlyForDeploymentPostprocessing = 0;
		};
		A00E9CA42556369900E2674C /* Frameworks */ = {
			isa = PBXFrameworksBuildPhase;
			buildActionMask = 2147483647;
			files = (
				390D5D6D67E4EEF9974D45EF /* Pods_iOSChallenge_iOSChallengeUITests.framework in Frameworks */,
			);
			runOnlyForDeploymentPostprocessing = 0;
		};
/* End PBXFrameworksBuildPhase section */

/* Begin PBXGroup section */
		91A11B22A88D9A6F1ECA8B01 /* Pods */ = {
			isa = PBXGroup;
			children = (
				7535959BB372571F4236BBF2 /* Pods-iOSChallenge.debug.xcconfig */,
				D4A17C6BEF198159C1218361 /* Pods-iOSChallenge.release.xcconfig */,
				022DC3AA8489DE09312669F7 /* Pods-iOSChallenge-iOSChallengeUITests.debug.xcconfig */,
				05F8D1818FE97A00FDD21734 /* Pods-iOSChallenge-iOSChallengeUITests.release.xcconfig */,
				0CBAE311670B681EFA129B86 /* Pods-iOSChallengeTests.debug.xcconfig */,
				C4D9E22688175DCCBBA196FE /* Pods-iOSChallengeTests.release.xcconfig */,
			);
			path = Pods;
			sourceTree = "<group>";
		};
		A00E9C7A2556369600E2674C = {
			isa = PBXGroup;
			children = (
				A00E9C852556369600E2674C /* iOSChallenge */,
				A00E9C9F2556369900E2674C /* iOSChallengeTests */,
				A00E9CAA2556369900E2674C /* iOSChallengeUITests */,
				A00E9C842556369600E2674C /* Products */,
				91A11B22A88D9A6F1ECA8B01 /* Pods */,
				BBF87DB39172287B4032AF61 /* Frameworks */,
			);
			sourceTree = "<group>";
		};
		A00E9C842556369600E2674C /* Products */ = {
			isa = PBXGroup;
			children = (
				A00E9C832556369600E2674C /* iOSChallenge.app */,
				A00E9C9C2556369900E2674C /* iOSChallengeTests.xctest */,
				A00E9CA72556369900E2674C /* iOSChallengeUITests.xctest */,
			);
			name = Products;
			sourceTree = "<group>";
		};
		A00E9C852556369600E2674C /* iOSChallenge */ = {
			isa = PBXGroup;
			children = (
				A0E72F062556404400B9E4D4 /* Utils */,
				A00E9CCA2556371400E2674C /* ViewModels */,
				A00E9CC92556370F00E2674C /* Models */,
				A00E9CC82556370700E2674C /* Views */,
				A041784825596CF600D47C97 /* Components */,
				A00E9C862556369600E2674C /* AppDelegate.swift */,
				A00E9C882556369600E2674C /* SceneDelegate.swift */,
				A00E9C922556369800E2674C /* Assets.xcassets */,
				A00E9C942556369800E2674C /* LaunchScreen.storyboard */,
				A00E9C972556369800E2674C /* Info.plist */,
			);
			path = iOSChallenge;
			sourceTree = "<group>";
		};
		A00E9C9F2556369900E2674C /* iOSChallengeTests */ = {
			isa = PBXGroup;
			children = (
				A00E9CA02556369900E2674C /* iOSChallengeTests.swift */,
				A00E9CA22556369900E2674C /* Info.plist */,
			);
			path = iOSChallengeTests;
			sourceTree = "<group>";
		};
		A00E9CAA2556369900E2674C /* iOSChallengeUITests */ = {
			isa = PBXGroup;
			children = (
				A00E9CAB2556369900E2674C /* iOSChallengeUITests.swift */,
				A00E9CAD2556369900E2674C /* Info.plist */,
			);
			path = iOSChallengeUITests;
			sourceTree = "<group>";
		};
		A00E9CC82556370700E2674C /* Views */ = {
			isa = PBXGroup;
			children = (
				A0C358D9255888AF0084B470 /* Detail */,
				A0E72F1E25564F5800B9E4D4 /* Home */,
			);
			path = Views;
			sourceTree = "<group>";
		};
		A00E9CC92556370F00E2674C /* Models */ = {
			isa = PBXGroup;
			children = (
				A0E72F11255646E800B9E4D4 /* FetchMoviesResponse.swift */,
				A0E72F192556471C00B9E4D4 /* Movie.swift */,
				A0ECDFBD255A52D300993ADD /* MovieCoreData.xcdatamodeld */,
			);
			path = Models;
			sourceTree = "<group>";
		};
		A00E9CCA2556371400E2674C /* ViewModels */ = {
			isa = PBXGroup;
			children = (
				A0E72F0C255640D100B9E4D4 /* HomeViewModel.swift */,
				A0ECDFB5255A44D900993ADD /* DetailViewModel.swift */,
			);
			path = ViewModels;
			sourceTree = "<group>";
		};
		A0237389255B774C00B161D5 /* Extensions */ = {
			isa = PBXGroup;
			children = (
				A0C358E92558AC2F0084B470 /* UIImageViewExtension.swift */,
				A0237384255B773300B161D5 /* UIButtonExtension.swift */,
			);
			path = Extensions;
			sourceTree = "<group>";
		};
		A023738A255B775200B161D5 /* Managers */ = {
			isa = PBXGroup;
			children = (
				A0ECDFA1255A3CE000993ADD /* CoreDataManager.swift */,
				A0E72F072556405900B9E4D4 /* RequestsManager.swift */,
			);
			path = Managers;
			sourceTree = "<group>";
		};
		A023738E255B7C9500B161D5 /* Enums */ = {
			isa = PBXGroup;
			children = (
				A09E86AE2556EE3A0039A4CA /* MoviesAPIURL.swift */,
				A023738F255B7CA900B161D5 /* RequestMethod.swift */,
			);
			path = Enums;
			sourceTree = "<group>";
		};
		A041784825596CF600D47C97 /* Components */ = {
			isa = PBXGroup;
			children = (
				A041784925596D1200D47C97 /* FavoriteButton.swift */,
			);
			path = Components;
			sourceTree = "<group>";
		};
		A0C358D9255888AF0084B470 /* Detail */ = {
			isa = PBXGroup;
			children = (
				A0C358DA255888CF0084B470 /* DetailViewController.swift */,
				A0C358E42558A9A10084B470 /* MovieInfosView.swift */,
			);
			path = Detail;
			sourceTree = "<group>";
		};
		A0E72F062556404400B9E4D4 /* Utils */ = {
			isa = PBXGroup;
			children = (
				A023738E255B7C9500B161D5 /* Enums */,
				A023738A255B775200B161D5 /* Managers */,
				A0237389255B774C00B161D5 /* Extensions */,
			);
			path = Utils;
			sourceTree = "<group>";
		};
		A0E72F1E25564F5800B9E4D4 /* Home */ = {
			isa = PBXGroup;
			children = (
				A00E9CCB2556372700E2674C /* HomeViewController.swift */,
				A0CB268D2556533C0081FB3B /* HomeMoviesView.swift */,
				A0CB2692255655A60081FB3B /* MovieTableViewCell.swift */,
			);
			path = Home;
			sourceTree = "<group>";
		};
		BBF87DB39172287B4032AF61 /* Frameworks */ = {
			isa = PBXGroup;
			children = (
				AC409C8972F2AC23FB0FE46D /* Pods_iOSChallenge.framework */,
				922FA5D4320E2F14890856FC /* Pods_iOSChallenge_iOSChallengeUITests.framework */,
				5A43033A2B689E74A6D6F35F /* Pods_iOSChallengeTests.framework */,
			);
			name = Frameworks;
			sourceTree = "<group>";
		};
/* End PBXGroup section */

/* Begin PBXNativeTarget section */
		A00E9C822556369600E2674C /* iOSChallenge */ = {
			isa = PBXNativeTarget;
			buildConfigurationList = A00E9CB02556369900E2674C /* Build configuration list for PBXNativeTarget "iOSChallenge" */;
			buildPhases = (
				1EDC92A111B07D5E25DFBA84 /* [CP] Check Pods Manifest.lock */,
				A00E9C7F2556369600E2674C /* Sources */,
				A00E9C802556369600E2674C /* Frameworks */,
				A00E9C812556369600E2674C /* Resources */,
				AA722462D8416C659C232ADD /* [CP] Embed Pods Frameworks */,
			);
			buildRules = (
			);
			dependencies = (
			);
			name = iOSChallenge;
			productName = iOSChallenge;
			productReference = A00E9C832556369600E2674C /* iOSChallenge.app */;
			productType = "com.apple.product-type.application";
		};
		A00E9C9B2556369900E2674C /* iOSChallengeTests */ = {
			isa = PBXNativeTarget;
			buildConfigurationList = A00E9CB32556369900E2674C /* Build configuration list for PBXNativeTarget "iOSChallengeTests" */;
			buildPhases = (
				61267B27D90A17294058040A /* [CP] Check Pods Manifest.lock */,
				A00E9C982556369900E2674C /* Sources */,
				A00E9C992556369900E2674C /* Frameworks */,
				A00E9C9A2556369900E2674C /* Resources */,
			);
			buildRules = (
			);
			dependencies = (
				A00E9C9E2556369900E2674C /* PBXTargetDependency */,
			);
			name = iOSChallengeTests;
			productName = iOSChallengeTests;
			productReference = A00E9C9C2556369900E2674C /* iOSChallengeTests.xctest */;
			productType = "com.apple.product-type.bundle.unit-test";
		};
		A00E9CA62556369900E2674C /* iOSChallengeUITests */ = {
			isa = PBXNativeTarget;
			buildConfigurationList = A00E9CB62556369900E2674C /* Build configuration list for PBXNativeTarget "iOSChallengeUITests" */;
			buildPhases = (
				862B971CDDCAF969B48154A9 /* [CP] Check Pods Manifest.lock */,
				A00E9CA32556369900E2674C /* Sources */,
				A00E9CA42556369900E2674C /* Frameworks */,
				A00E9CA52556369900E2674C /* Resources */,
				5EDEFEEDE80D38AC32CFDE06 /* [CP] Embed Pods Frameworks */,
			);
			buildRules = (
			);
			dependencies = (
				A00E9CA92556369900E2674C /* PBXTargetDependency */,
			);
			name = iOSChallengeUITests;
			productName = iOSChallengeUITests;
			productReference = A00E9CA72556369900E2674C /* iOSChallengeUITests.xctest */;
			productType = "com.apple.product-type.bundle.ui-testing";
		};
/* End PBXNativeTarget section */

/* Begin PBXProject section */
		A00E9C7B2556369600E2674C /* Project object */ = {
			isa = PBXProject;
			attributes = {
				LastSwiftUpdateCheck = 1200;
				LastUpgradeCheck = 1200;
				TargetAttributes = {
					A00E9C822556369600E2674C = {
						CreatedOnToolsVersion = 12.0.1;
					};
					A00E9C9B2556369900E2674C = {
						CreatedOnToolsVersion = 12.0.1;
						TestTargetID = A00E9C822556369600E2674C;
					};
					A00E9CA62556369900E2674C = {
						CreatedOnToolsVersion = 12.0.1;
						TestTargetID = A00E9C822556369600E2674C;
					};
				};
			};
			buildConfigurationList = A00E9C7E2556369600E2674C /* Build configuration list for PBXProject "iOSChallenge" */;
			compatibilityVersion = "Xcode 9.3";
			developmentRegion = en;
			hasScannedForEncodings = 0;
			knownRegions = (
				en,
				Base,
			);
			mainGroup = A00E9C7A2556369600E2674C;
			productRefGroup = A00E9C842556369600E2674C /* Products */;
			projectDirPath = "";
			projectRoot = "";
			targets = (
				A00E9C822556369600E2674C /* iOSChallenge */,
				A00E9C9B2556369900E2674C /* iOSChallengeTests */,
				A00E9CA62556369900E2674C /* iOSChallengeUITests */,
			);
		};
/* End PBXProject section */

/* Begin PBXResourcesBuildPhase section */
		A00E9C812556369600E2674C /* Resources */ = {
			isa = PBXResourcesBuildPhase;
			buildActionMask = 2147483647;
			files = (
				A00E9C962556369800E2674C /* LaunchScreen.storyboard in Resources */,
				A00E9C932556369800E2674C /* Assets.xcassets in Resources */,
			);
			runOnlyForDeploymentPostprocessing = 0;
		};
		A00E9C9A2556369900E2674C /* Resources */ = {
			isa = PBXResourcesBuildPhase;
			buildActionMask = 2147483647;
			files = (
			);
			runOnlyForDeploymentPostprocessing = 0;
		};
		A00E9CA52556369900E2674C /* Resources */ = {
			isa = PBXResourcesBuildPhase;
			buildActionMask = 2147483647;
			files = (
			);
			runOnlyForDeploymentPostprocessing = 0;
		};
/* End PBXResourcesBuildPhase section */

/* Begin PBXShellScriptBuildPhase section */
		1EDC92A111B07D5E25DFBA84 /* [CP] Check Pods Manifest.lock */ = {
			isa = PBXShellScriptBuildPhase;
			buildActionMask = 2147483647;
			files = (
			);
			inputFileListPaths = (
			);
			inputPaths = (
				"${PODS_PODFILE_DIR_PATH}/Podfile.lock",
				"${PODS_ROOT}/Manifest.lock",
			);
			name = "[CP] Check Pods Manifest.lock";
			outputFileListPaths = (
			);
			outputPaths = (
				"$(DERIVED_FILE_DIR)/Pods-iOSChallenge-checkManifestLockResult.txt",
			);
			runOnlyForDeploymentPostprocessing = 0;
			shellPath = /bin/sh;
			shellScript = "diff \"${PODS_PODFILE_DIR_PATH}/Podfile.lock\" \"${PODS_ROOT}/Manifest.lock\" > /dev/null\nif [ $? != 0 ] ; then\n    # print error to STDERR\n    echo \"error: The sandbox is not in sync with the Podfile.lock. Run 'pod install' or update your CocoaPods installation.\" >&2\n    exit 1\nfi\n# This output is used by Xcode 'outputs' to avoid re-running this script phase.\necho \"SUCCESS\" > \"${SCRIPT_OUTPUT_FILE_0}\"\n";
			showEnvVarsInLog = 0;
		};
		5EDEFEEDE80D38AC32CFDE06 /* [CP] Embed Pods Frameworks */ = {
			isa = PBXShellScriptBuildPhase;
			buildActionMask = 2147483647;
			files = (
			);
			inputFileListPaths = (
				"${PODS_ROOT}/Target Support Files/Pods-iOSChallenge-iOSChallengeUITests/Pods-iOSChallenge-iOSChallengeUITests-frameworks-${CONFIGURATION}-input-files.xcfilelist",
			);
			name = "[CP] Embed Pods Frameworks";
			outputFileListPaths = (
				"${PODS_ROOT}/Target Support Files/Pods-iOSChallenge-iOSChallengeUITests/Pods-iOSChallenge-iOSChallengeUITests-frameworks-${CONFIGURATION}-output-files.xcfilelist",
			);
			runOnlyForDeploymentPostprocessing = 0;
			shellPath = /bin/sh;
			shellScript = "\"${PODS_ROOT}/Target Support Files/Pods-iOSChallenge-iOSChallengeUITests/Pods-iOSChallenge-iOSChallengeUITests-frameworks.sh\"\n";
			showEnvVarsInLog = 0;
		};
		61267B27D90A17294058040A /* [CP] Check Pods Manifest.lock */ = {
			isa = PBXShellScriptBuildPhase;
			buildActionMask = 2147483647;
			files = (
			);
			inputFileListPaths = (
			);
			inputPaths = (
				"${PODS_PODFILE_DIR_PATH}/Podfile.lock",
				"${PODS_ROOT}/Manifest.lock",
			);
			name = "[CP] Check Pods Manifest.lock";
			outputFileListPaths = (
			);
			outputPaths = (
				"$(DERIVED_FILE_DIR)/Pods-iOSChallengeTests-checkManifestLockResult.txt",
			);
			runOnlyForDeploymentPostprocessing = 0;
			shellPath = /bin/sh;
			shellScript = "diff \"${PODS_PODFILE_DIR_PATH}/Podfile.lock\" \"${PODS_ROOT}/Manifest.lock\" > /dev/null\nif [ $? != 0 ] ; then\n    # print error to STDERR\n    echo \"error: The sandbox is not in sync with the Podfile.lock. Run 'pod install' or update your CocoaPods installation.\" >&2\n    exit 1\nfi\n# This output is used by Xcode 'outputs' to avoid re-running this script phase.\necho \"SUCCESS\" > \"${SCRIPT_OUTPUT_FILE_0}\"\n";
			showEnvVarsInLog = 0;
		};
		862B971CDDCAF969B48154A9 /* [CP] Check Pods Manifest.lock */ = {
			isa = PBXShellScriptBuildPhase;
			buildActionMask = 2147483647;
			files = (
			);
			inputFileListPaths = (
			);
			inputPaths = (
				"${PODS_PODFILE_DIR_PATH}/Podfile.lock",
				"${PODS_ROOT}/Manifest.lock",
			);
			name = "[CP] Check Pods Manifest.lock";
			outputFileListPaths = (
			);
			outputPaths = (
				"$(DERIVED_FILE_DIR)/Pods-iOSChallenge-iOSChallengeUITests-checkManifestLockResult.txt",
			);
			runOnlyForDeploymentPostprocessing = 0;
			shellPath = /bin/sh;
			shellScript = "diff \"${PODS_PODFILE_DIR_PATH}/Podfile.lock\" \"${PODS_ROOT}/Manifest.lock\" > /dev/null\nif [ $? != 0 ] ; then\n    # print error to STDERR\n    echo \"error: The sandbox is not in sync with the Podfile.lock. Run 'pod install' or update your CocoaPods installation.\" >&2\n    exit 1\nfi\n# This output is used by Xcode 'outputs' to avoid re-running this script phase.\necho \"SUCCESS\" > \"${SCRIPT_OUTPUT_FILE_0}\"\n";
			showEnvVarsInLog = 0;
		};
		AA722462D8416C659C232ADD /* [CP] Embed Pods Frameworks */ = {
			isa = PBXShellScriptBuildPhase;
			buildActionMask = 2147483647;
			files = (
			);
			inputFileListPaths = (
				"${PODS_ROOT}/Target Support Files/Pods-iOSChallenge/Pods-iOSChallenge-frameworks-${CONFIGURATION}-input-files.xcfilelist",
			);
			name = "[CP] Embed Pods Frameworks";
			outputFileListPaths = (
				"${PODS_ROOT}/Target Support Files/Pods-iOSChallenge/Pods-iOSChallenge-frameworks-${CONFIGURATION}-output-files.xcfilelist",
			);
			runOnlyForDeploymentPostprocessing = 0;
			shellPath = /bin/sh;
			shellScript = "\"${PODS_ROOT}/Target Support Files/Pods-iOSChallenge/Pods-iOSChallenge-frameworks.sh\"\n";
			showEnvVarsInLog = 0;
		};
/* End PBXShellScriptBuildPhase section */

/* Begin PBXSourcesBuildPhase section */
		A00E9C7F2556369600E2674C /* Sources */ = {
			isa = PBXSourcesBuildPhase;
			buildActionMask = 2147483647;
			files = (
				A0CB2693255655A60081FB3B /* MovieTableViewCell.swift in Sources */,
				A0E72F082556405900B9E4D4 /* RequestsManager.swift in Sources */,
				A0E72F0D255640D100B9E4D4 /* HomeViewModel.swift in Sources */,
				A041784A25596D1200D47C97 /* FavoriteButton.swift in Sources */,
				A0C358DB255888CF0084B470 /* DetailViewController.swift in Sources */,
				A0237385255B773300B161D5 /* UIButtonExtension.swift in Sources */,
				A0C358EA2558AC2F0084B470 /* UIImageViewExtension.swift in Sources */,
				A00E9CCC2556372700E2674C /* HomeViewController.swift in Sources */,
				A0E72F12255646E800B9E4D4 /* FetchMoviesResponse.swift in Sources */,
				A09E86AF2556EE3A0039A4CA /* MoviesAPIURL.swift in Sources */,
				A00E9C872556369600E2674C /* AppDelegate.swift in Sources */,
				A0C358E52558A9A10084B470 /* MovieInfosView.swift in Sources */,
				A0CB268E2556533C0081FB3B /* HomeMoviesView.swift in Sources */,
				A0ECDFB6255A44D900993ADD /* DetailViewModel.swift in Sources */,
				A0237390255B7CA900B161D5 /* RequestMethod.swift in Sources */,
				A00E9C892556369600E2674C /* SceneDelegate.swift in Sources */,
				A0E72F1A2556471C00B9E4D4 /* Movie.swift in Sources */,
				A0ECDFA2255A3CE000993ADD /* CoreDataManager.swift in Sources */,
				A0ECDFBF255A52D300993ADD /* MovieCoreData.xcdatamodeld in Sources */,
			);
			runOnlyForDeploymentPostprocessing = 0;
		};
		A00E9C982556369900E2674C /* Sources */ = {
			isa = PBXSourcesBuildPhase;
			buildActionMask = 2147483647;
			files = (
				A00E9CA12556369900E2674C /* iOSChallengeTests.swift in Sources */,
			);
			runOnlyForDeploymentPostprocessing = 0;
		};
		A00E9CA32556369900E2674C /* Sources */ = {
			isa = PBXSourcesBuildPhase;
			buildActionMask = 2147483647;
			files = (
				A00E9CAC2556369900E2674C /* iOSChallengeUITests.swift in Sources */,
			);
			runOnlyForDeploymentPostprocessing = 0;
		};
/* End PBXSourcesBuildPhase section */

/* Begin PBXTargetDependency section */
		A00E9C9E2556369900E2674C /* PBXTargetDependency */ = {
			isa = PBXTargetDependency;
			target = A00E9C822556369600E2674C /* iOSChallenge */;
			targetProxy = A00E9C9D2556369900E2674C /* PBXContainerItemProxy */;
		};
		A00E9CA92556369900E2674C /* PBXTargetDependency */ = {
			isa = PBXTargetDependency;
			target = A00E9C822556369600E2674C /* iOSChallenge */;
			targetProxy = A00E9CA82556369900E2674C /* PBXContainerItemProxy */;
		};
/* End PBXTargetDependency section */

/* Begin PBXVariantGroup section */
		A00E9C942556369800E2674C /* LaunchScreen.storyboard */ = {
			isa = PBXVariantGroup;
			children = (
				A00E9C952556369800E2674C /* Base */,
			);
			name = LaunchScreen.storyboard;
			sourceTree = "<group>";
		};
/* End PBXVariantGroup section */

/* Begin XCBuildConfiguration section */
		A00E9CAE2556369900E2674C /* Debug */ = {
			isa = XCBuildConfiguration;
			buildSettings = {
				ALWAYS_SEARCH_USER_PATHS = NO;
				CLANG_ANALYZER_NONNULL = YES;
				CLANG_ANALYZER_NUMBER_OBJECT_CONVERSION = YES_AGGRESSIVE;
				CLANG_CXX_LANGUAGE_STANDARD = "gnu++14";
				CLANG_CXX_LIBRARY = "libc++";
				CLANG_ENABLE_MODULES = YES;
				CLANG_ENABLE_OBJC_ARC = YES;
				CLANG_ENABLE_OBJC_WEAK = YES;
				CLANG_WARN_BLOCK_CAPTURE_AUTORELEASING = YES;
				CLANG_WARN_BOOL_CONVERSION = YES;
				CLANG_WARN_COMMA = YES;
				CLANG_WARN_CONSTANT_CONVERSION = YES;
				CLANG_WARN_DEPRECATED_OBJC_IMPLEMENTATIONS = YES;
				CLANG_WARN_DIRECT_OBJC_ISA_USAGE = YES_ERROR;
				CLANG_WARN_DOCUMENTATION_COMMENTS = YES;
				CLANG_WARN_EMPTY_BODY = YES;
				CLANG_WARN_ENUM_CONVERSION = YES;
				CLANG_WARN_INFINITE_RECURSION = YES;
				CLANG_WARN_INT_CONVERSION = YES;
				CLANG_WARN_NON_LITERAL_NULL_CONVERSION = YES;
				CLANG_WARN_OBJC_IMPLICIT_RETAIN_SELF = YES;
				CLANG_WARN_OBJC_LITERAL_CONVERSION = YES;
				CLANG_WARN_OBJC_ROOT_CLASS = YES_ERROR;
				CLANG_WARN_QUOTED_INCLUDE_IN_FRAMEWORK_HEADER = YES;
				CLANG_WARN_RANGE_LOOP_ANALYSIS = YES;
				CLANG_WARN_STRICT_PROTOTYPES = YES;
				CLANG_WARN_SUSPICIOUS_MOVE = YES;
				CLANG_WARN_UNGUARDED_AVAILABILITY = YES_AGGRESSIVE;
				CLANG_WARN_UNREACHABLE_CODE = YES;
				CLANG_WARN__DUPLICATE_METHOD_MATCH = YES;
				COPY_PHASE_STRIP = NO;
				DEBUG_INFORMATION_FORMAT = dwarf;
				ENABLE_STRICT_OBJC_MSGSEND = YES;
				ENABLE_TESTABILITY = YES;
				GCC_C_LANGUAGE_STANDARD = gnu11;
				GCC_DYNAMIC_NO_PIC = NO;
				GCC_NO_COMMON_BLOCKS = YES;
				GCC_OPTIMIZATION_LEVEL = 0;
				GCC_PREPROCESSOR_DEFINITIONS = (
					"DEBUG=1",
					"$(inherited)",
				);
				GCC_WARN_64_TO_32_BIT_CONVERSION = YES;
				GCC_WARN_ABOUT_RETURN_TYPE = YES_ERROR;
				GCC_WARN_UNDECLARED_SELECTOR = YES;
				GCC_WARN_UNINITIALIZED_AUTOS = YES_AGGRESSIVE;
				GCC_WARN_UNUSED_FUNCTION = YES;
				GCC_WARN_UNUSED_VARIABLE = YES;
				IPHONEOS_DEPLOYMENT_TARGET = 13.3;
				MTL_ENABLE_DEBUG_INFO = INCLUDE_SOURCE;
				MTL_FAST_MATH = YES;
				ONLY_ACTIVE_ARCH = YES;
				SDKROOT = iphoneos;
				SWIFT_ACTIVE_COMPILATION_CONDITIONS = DEBUG;
				SWIFT_OPTIMIZATION_LEVEL = "-Onone";
			};
			name = Debug;
		};
		A00E9CAF2556369900E2674C /* Release */ = {
			isa = XCBuildConfiguration;
			buildSettings = {
				ALWAYS_SEARCH_USER_PATHS = NO;
				CLANG_ANALYZER_NONNULL = YES;
				CLANG_ANALYZER_NUMBER_OBJECT_CONVERSION = YES_AGGRESSIVE;
				CLANG_CXX_LANGUAGE_STANDARD = "gnu++14";
				CLANG_CXX_LIBRARY = "libc++";
				CLANG_ENABLE_MODULES = YES;
				CLANG_ENABLE_OBJC_ARC = YES;
				CLANG_ENABLE_OBJC_WEAK = YES;
				CLANG_WARN_BLOCK_CAPTURE_AUTORELEASING = YES;
				CLANG_WARN_BOOL_CONVERSION = YES;
				CLANG_WARN_COMMA = YES;
				CLANG_WARN_CONSTANT_CONVERSION = YES;
				CLANG_WARN_DEPRECATED_OBJC_IMPLEMENTATIONS = YES;
				CLANG_WARN_DIRECT_OBJC_ISA_USAGE = YES_ERROR;
				CLANG_WARN_DOCUMENTATION_COMMENTS = YES;
				CLANG_WARN_EMPTY_BODY = YES;
				CLANG_WARN_ENUM_CONVERSION = YES;
				CLANG_WARN_INFINITE_RECURSION = YES;
				CLANG_WARN_INT_CONVERSION = YES;
				CLANG_WARN_NON_LITERAL_NULL_CONVERSION = YES;
				CLANG_WARN_OBJC_IMPLICIT_RETAIN_SELF = YES;
				CLANG_WARN_OBJC_LITERAL_CONVERSION = YES;
				CLANG_WARN_OBJC_ROOT_CLASS = YES_ERROR;
				CLANG_WARN_QUOTED_INCLUDE_IN_FRAMEWORK_HEADER = YES;
				CLANG_WARN_RANGE_LOOP_ANALYSIS = YES;
				CLANG_WARN_STRICT_PROTOTYPES = YES;
				CLANG_WARN_SUSPICIOUS_MOVE = YES;
				CLANG_WARN_UNGUARDED_AVAILABILITY = YES_AGGRESSIVE;
				CLANG_WARN_UNREACHABLE_CODE = YES;
				CLANG_WARN__DUPLICATE_METHOD_MATCH = YES;
				COPY_PHASE_STRIP = NO;
				DEBUG_INFORMATION_FORMAT = "dwarf-with-dsym";
				ENABLE_NS_ASSERTIONS = NO;
				ENABLE_STRICT_OBJC_MSGSEND = YES;
				GCC_C_LANGUAGE_STANDARD = gnu11;
				GCC_NO_COMMON_BLOCKS = YES;
				GCC_WARN_64_TO_32_BIT_CONVERSION = YES;
				GCC_WARN_ABOUT_RETURN_TYPE = YES_ERROR;
				GCC_WARN_UNDECLARED_SELECTOR = YES;
				GCC_WARN_UNINITIALIZED_AUTOS = YES_AGGRESSIVE;
				GCC_WARN_UNUSED_FUNCTION = YES;
				GCC_WARN_UNUSED_VARIABLE = YES;
				IPHONEOS_DEPLOYMENT_TARGET = 13.3;
				MTL_ENABLE_DEBUG_INFO = NO;
				MTL_FAST_MATH = YES;
				SDKROOT = iphoneos;
				SWIFT_COMPILATION_MODE = wholemodule;
				SWIFT_OPTIMIZATION_LEVEL = "-O";
				VALIDATE_PRODUCT = YES;
			};
			name = Release;
		};
		A00E9CB12556369900E2674C /* Debug */ = {
			isa = XCBuildConfiguration;
			baseConfigurationReference = 7535959BB372571F4236BBF2 /* Pods-iOSChallenge.debug.xcconfig */;
			buildSettings = {
				ASSETCATALOG_COMPILER_APPICON_NAME = AppIcon;
				ASSETCATALOG_COMPILER_GLOBAL_ACCENT_COLOR_NAME = AccentColor;
				CODE_SIGN_STYLE = Automatic;
				INFOPLIST_FILE = iOSChallenge/Info.plist;
				LD_RUNPATH_SEARCH_PATHS = (
					"$(inherited)",
					"@executable_path/Frameworks",
				);
				PRODUCT_BUNDLE_IDENTIFIER = MouraYuri.iOSChallenge;
				PRODUCT_NAME = "$(TARGET_NAME)";
				SWIFT_VERSION = 5.0;
				TARGETED_DEVICE_FAMILY = 1;
			};
			name = Debug;
		};
		A00E9CB22556369900E2674C /* Release */ = {
			isa = XCBuildConfiguration;
			baseConfigurationReference = D4A17C6BEF198159C1218361 /* Pods-iOSChallenge.release.xcconfig */;
			buildSettings = {
				ASSETCATALOG_COMPILER_APPICON_NAME = AppIcon;
				ASSETCATALOG_COMPILER_GLOBAL_ACCENT_COLOR_NAME = AccentColor;
				CODE_SIGN_STYLE = Automatic;
				INFOPLIST_FILE = iOSChallenge/Info.plist;
				LD_RUNPATH_SEARCH_PATHS = (
					"$(inherited)",
					"@executable_path/Frameworks",
				);
				PRODUCT_BUNDLE_IDENTIFIER = MouraYuri.iOSChallenge;
				PRODUCT_NAME = "$(TARGET_NAME)";
				SWIFT_VERSION = 5.0;
				TARGETED_DEVICE_FAMILY = 1;
			};
			name = Release;
		};
		A00E9CB42556369900E2674C /* Debug */ = {
			isa = XCBuildConfiguration;
			baseConfigurationReference = 0CBAE311670B681EFA129B86 /* Pods-iOSChallengeTests.debug.xcconfig */;
			buildSettings = {
				ALWAYS_EMBED_SWIFT_STANDARD_LIBRARIES = YES;
				BUNDLE_LOADER = "$(TEST_HOST)";
				CODE_SIGN_STYLE = Automatic;
				INFOPLIST_FILE = iOSChallengeTests/Info.plist;
				IPHONEOS_DEPLOYMENT_TARGET = 13.3;
				LD_RUNPATH_SEARCH_PATHS = (
					"$(inherited)",
					"@executable_path/Frameworks",
					"@loader_path/Frameworks",
				);
				PRODUCT_BUNDLE_IDENTIFIER = MouraYuri.iOSChallengeTests;
				PRODUCT_NAME = "$(TARGET_NAME)";
				SWIFT_VERSION = 5.0;
				TARGETED_DEVICE_FAMILY = "1,2";
				TEST_HOST = "$(BUILT_PRODUCTS_DIR)/iOSChallenge.app/iOSChallenge";
			};
			name = Debug;
		};
		A00E9CB52556369900E2674C /* Release */ = {
			isa = XCBuildConfiguration;
			baseConfigurationReference = C4D9E22688175DCCBBA196FE /* Pods-iOSChallengeTests.release.xcconfig */;
			buildSettings = {
				ALWAYS_EMBED_SWIFT_STANDARD_LIBRARIES = YES;
				BUNDLE_LOADER = "$(TEST_HOST)";
				CODE_SIGN_STYLE = Automatic;
				INFOPLIST_FILE = iOSChallengeTests/Info.plist;
				IPHONEOS_DEPLOYMENT_TARGET = 13.3;
				LD_RUNPATH_SEARCH_PATHS = (
					"$(inherited)",
					"@executable_path/Frameworks",
					"@loader_path/Frameworks",
				);
				PRODUCT_BUNDLE_IDENTIFIER = MouraYuri.iOSChallengeTests;
				PRODUCT_NAME = "$(TARGET_NAME)";
				SWIFT_VERSION = 5.0;
				TARGETED_DEVICE_FAMILY = "1,2";
				TEST_HOST = "$(BUILT_PRODUCTS_DIR)/iOSChallenge.app/iOSChallenge";
			};
			name = Release;
		};
		A00E9CB72556369900E2674C /* Debug */ = {
			isa = XCBuildConfiguration;
			baseConfigurationReference = 022DC3AA8489DE09312669F7 /* Pods-iOSChallenge-iOSChallengeUITests.debug.xcconfig */;
			buildSettings = {
				ALWAYS_EMBED_SWIFT_STANDARD_LIBRARIES = YES;
				CODE_SIGN_STYLE = Automatic;
				INFOPLIST_FILE = iOSChallengeUITests/Info.plist;
				LD_RUNPATH_SEARCH_PATHS = (
					"$(inherited)",
					"@executable_path/Frameworks",
					"@loader_path/Frameworks",
				);
				PRODUCT_BUNDLE_IDENTIFIER = MouraYuri.iOSChallengeUITests;
				PRODUCT_NAME = "$(TARGET_NAME)";
				SWIFT_VERSION = 5.0;
				TARGETED_DEVICE_FAMILY = "1,2";
				TEST_TARGET_NAME = iOSChallenge;
			};
			name = Debug;
		};
		A00E9CB82556369900E2674C /* Release */ = {
			isa = XCBuildConfiguration;
			baseConfigurationReference = 05F8D1818FE97A00FDD21734 /* Pods-iOSChallenge-iOSChallengeUITests.release.xcconfig */;
			buildSettings = {
				ALWAYS_EMBED_SWIFT_STANDARD_LIBRARIES = YES;
				CODE_SIGN_STYLE = Automatic;
				INFOPLIST_FILE = iOSChallengeUITests/Info.plist;
				LD_RUNPATH_SEARCH_PATHS = (
					"$(inherited)",
					"@executable_path/Frameworks",
					"@loader_path/Frameworks",
				);
				PRODUCT_BUNDLE_IDENTIFIER = MouraYuri.iOSChallengeUITests;
				PRODUCT_NAME = "$(TARGET_NAME)";
				SWIFT_VERSION = 5.0;
				TARGETED_DEVICE_FAMILY = "1,2";
				TEST_TARGET_NAME = iOSChallenge;
			};
			name = Release;
		};
/* End XCBuildConfiguration section */

/* Begin XCConfigurationList section */
		A00E9C7E2556369600E2674C /* Build configuration list for PBXProject "iOSChallenge" */ = {
			isa = XCConfigurationList;
			buildConfigurations = (
				A00E9CAE2556369900E2674C /* Debug */,
				A00E9CAF2556369900E2674C /* Release */,
			);
			defaultConfigurationIsVisible = 0;
			defaultConfigurationName = Release;
		};
		A00E9CB02556369900E2674C /* Build configuration list for PBXNativeTarget "iOSChallenge" */ = {
			isa = XCConfigurationList;
			buildConfigurations = (
				A00E9CB12556369900E2674C /* Debug */,
				A00E9CB22556369900E2674C /* Release */,
			);
			defaultConfigurationIsVisible = 0;
			defaultConfigurationName = Release;
		};
		A00E9CB32556369900E2674C /* Build configuration list for PBXNativeTarget "iOSChallengeTests" */ = {
			isa = XCConfigurationList;
			buildConfigurations = (
				A00E9CB42556369900E2674C /* Debug */,
				A00E9CB52556369900E2674C /* Release */,
			);
			defaultConfigurationIsVisible = 0;
			defaultConfigurationName = Release;
		};
		A00E9CB62556369900E2674C /* Build configuration list for PBXNativeTarget "iOSChallengeUITests" */ = {
			isa = XCConfigurationList;
			buildConfigurations = (
				A00E9CB72556369900E2674C /* Debug */,
				A00E9CB82556369900E2674C /* Release */,
			);
			defaultConfigurationIsVisible = 0;
			defaultConfigurationName = Release;
		};
/* End XCConfigurationList section */

/* Begin XCVersionGroup section */
		A0ECDFBD255A52D300993ADD /* MovieCoreData.xcdatamodeld */ = {
			isa = XCVersionGroup;
			children = (
				A0ECDFBE255A52D300993ADD /* MovieCoreData.xcdatamodel */,
			);
			currentVersion = A0ECDFBE255A52D300993ADD /* MovieCoreData.xcdatamodel */;
			path = MovieCoreData.xcdatamodeld;
			sourceTree = "<group>";
			versionGroupType = wrapper.xcdatamodel;
		};
/* End XCVersionGroup section */
	};
	rootObject = A00E9C7B2556369600E2674C /* Project object */;
}
